// !$*UTF8*$!
{
	archiveVersion = 1;
	classes = {
	};
	objectVersion = 46;
	objects = {

/* Begin PBXBuildFile section */
		D30ED59A1BC69A8100052BE6 /* AppDelegate.swift in Sources */ = {isa = PBXBuildFile; fileRef = D30ED5991BC69A8100052BE6 /* AppDelegate.swift */; };
		D30ED59C1BC69A8100052BE6 /* ViewController.swift in Sources */ = {isa = PBXBuildFile; fileRef = D30ED59B1BC69A8100052BE6 /* ViewController.swift */; };
		D30ED59F1BC69A8100052BE6 /* Main.storyboard in Resources */ = {isa = PBXBuildFile; fileRef = D30ED59D1BC69A8100052BE6 /* Main.storyboard */; };
		D30ED5A21BC69A8100052BE6 /* PrimeNumber.xcdatamodeld in Sources */ = {isa = PBXBuildFile; fileRef = D30ED5A01BC69A8100052BE6 /* PrimeNumber.xcdatamodeld */; };
		D30ED5A41BC69A8100052BE6 /* Assets.xcassets in Resources */ = {isa = PBXBuildFile; fileRef = D30ED5A31BC69A8100052BE6 /* Assets.xcassets */; };
		D30ED5A71BC69A8100052BE6 /* LaunchScreen.storyboard in Resources */ = {isa = PBXBuildFile; fileRef = D30ED5A51BC69A8100052BE6 /* LaunchScreen.storyboard */; };
/* End PBXBuildFile section */

/* Begin PBXFileReference section */
		D30ED5961BC69A8100052BE6 /* PrimeNumber.app */ = {isa = PBXFileReference; explicitFileType = wrapper.application; includeInIndex = 0; path = PrimeNumber.app; sourceTree = BUILT_PRODUCTS_DIR; };
		D30ED5991BC69A8100052BE6 /* AppDelegate.swift */ = {isa = PBXFileReference; lastKnownFileType = sourcecode.swift; path = AppDelegate.swift; sourceTree = "<group>"; };
		D30ED59B1BC69A8100052BE6 /* ViewController.swift */ = {isa = PBXFileReference; lastKnownFileType = sourcecode.swift; path = ViewController.swift; sourceTree = "<group>"; };
		D30ED59E1BC69A8100052BE6 /* Base */ = {isa = PBXFileReference; lastKnownFileType = file.storyboard; name = Base; path = Base.lproj/Main.storyboard; sourceTree = "<group>"; };
		D30ED5A11BC69A8100052BE6 /* PrimeNumber.xcdatamodel */ = {isa = PBXFileReference; lastKnownFileType = wrapper.xcdatamodel; path = PrimeNumber.xcdatamodel; sourceTree = "<group>"; };
		D30ED5A31BC69A8100052BE6 /* Assets.xcassets */ = {isa = PBXFileReference; lastKnownFileType = folder.assetcatalog; path = Assets.xcassets; sourceTree = "<group>"; };
		D30ED5A61BC69A8100052BE6 /* Base */ = {isa = PBXFileReference; lastKnownFileType = file.storyboard; name = Base; path = Base.lproj/LaunchScreen.storyboard; sourceTree = "<group>"; };
		D30ED5A81BC69A8100052BE6 /* Info.plist */ = {isa = PBXFileReference; lastKnownFileType = text.plist.xml; path = Info.plist; sourceTree = "<group>"; };
/* End PBXFileReference section */

/* Begin PBXFrameworksBuildPhase section */
		D30ED5931BC69A8100052BE6 /* Frameworks */ = {
			isa = PBXFrameworksBuildPhase;
			buildActionMask = 2147483647;
			files = (
			);
			runOnlyForDeploymentPostprocessing = 0;
		};
/* End PBXFrameworksBuildPhase section */

/* Begin PBXGroup section */
		D30ED58D1BC69A8100052BE6 = {
			isa = PBXGroup;
			children = (
				D30ED5981BC69A8100052BE6 /* PrimeNumber */,
				D30ED5971BC69A8100052BE6 /* Products */,
			);
			sourceTree = "<group>";
		};
		D30ED5971BC69A8100052BE6 /* Products */ = {
			isa = PBXGroup;
			children = (
				D30ED5961BC69A8100052BE6 /* PrimeNumber.app */,
			);
			name = Products;
			sourceTree = "<group>";
		};
		D30ED5981BC69A8100052BE6 /* PrimeNumber */ = {
			isa = PBXGroup;
			children = (
				D30ED5991BC69A8100052BE6 /* AppDelegate.swift */,
				D30ED59B1BC69A8100052BE6 /* ViewController.swift */,
				D30ED59D1BC69A8100052BE6 /* Main.storyboard */,
				D30ED5A31BC69A8100052BE6 /* Assets.xcassets */,
				D30ED5A51BC69A8100052BE6 /* LaunchScreen.storyboard */,
				D30ED5A81BC69A8100052BE6 /* Info.plist */,
				D30ED5A01BC69A8100052BE6 /* PrimeNumber.xcdatamodeld */,
			);
			path = PrimeNumber;
			sourceTree = "<group>";
		};
/* End PBXGroup section */

/* Begin PBXNativeTarget section */
		D30ED5951BC69A8100052BE6 /* PrimeNumber */ = {
			isa = PBXNativeTarget;
			buildConfigurationList = D30ED5AB1BC69A8100052BE6 /* Build configuration list for PBXNativeTarget "PrimeNumber" */;
			buildPhases = (
				D30ED5921BC69A8100052BE6 /* Sources */,
				D30ED5931BC69A8100052BE6 /* Frameworks */,
				D30ED5941BC69A8100052BE6 /* Resources */,
			);
			buildRules = (
			);
			dependencies = (
			);
			name = PrimeNumber;
			productName = PrimeNumber;
			productReference = D30ED5961BC69A8100052BE6 /* PrimeNumber.app */;
			productType = "com.apple.product-type.application";
		};
/* End PBXNativeTarget section */

/* Begin PBXProject section */
		D30ED58E1BC69A8100052BE6 /* Project object */ = {
			isa = PBXProject;
			attributes = {
				LastUpgradeCheck = 0700;
				ORGANIZATIONNAME = "John Spurgin";
				TargetAttributes = {
					D30ED5951BC69A8100052BE6 = {
						CreatedOnToolsVersion = 7.0.1;
					};
				};
			};
			buildConfigurationList = D30ED5911BC69A8100052BE6 /* Build configuration list for PBXProject "PrimeNumber" */;
			compatibilityVersion = "Xcode 3.2";
			developmentRegion = English;
			hasScannedForEncodings = 0;
			knownRegions = (
				en,
				Base,
			);
			mainGroup = D30ED58D1BC69A8100052BE6;
			productRefGroup = D30ED5971BC69A8100052BE6 /* Products */;
			projectDirPath = "";
			projectRoot = "";
			targets = (
				D30ED5951BC69A8100052BE6 /* PrimeNumber */,
			);
		};
/* End PBXProject section */

/* Begin PBXResourcesBuildPhase section */
		D30ED5941BC69A8100052BE6 /* Resources */ = {
			isa = PBXResourcesBuildPhase;
			buildActionMask = 2147483647;
			files = (
				D30ED5A71BC69A8100052BE6 /* LaunchScreen.storyboard in Resources */,
				D30ED5A41BC69A8100052BE6 /* Assets.xcassets in Resources */,
				D30ED59F1BC69A8100052BE6 /* Main.storyboard in Resources */,
			);
			runOnlyForDeploymentPostprocessing = 0;
		};
/* End PBXResourcesBuildPhase section */

/* Begin PBXSourcesBuildPhase section */
		D30ED5921BC69A8100052BE6 /* Sources */ = {
			isa = PBXSourcesBuildPhase;
			buildActionMask = 2147483647;
			files = (
				D30ED59C1BC69A8100052BE6 /* ViewController.swift in Sources */,
				D30ED5A21BC69A8100052BE6 /* PrimeNumber.xcdatamodeld in Sources */,
				D30ED59A1BC69A8100052BE6 /* AppDelegate.swift in Sources */,
			);
			runOnlyForDeploymentPostprocessing = 0;
		};
/* End PBXSourcesBuildPhase section */

/* Begin PBXVariantGroup section */
		D30ED59D1BC69A8100052BE6 /* Main.storyboard */ = {
			isa = PBXVariantGroup;
			children = (
				D30ED59E1BC69A8100052BE6 /* Base */,
			);
			name = Main.storyboard;
			sourceTree = "<group>";
		};
		D30ED5A51BC69A8100052BE6 /* LaunchScreen.storyboard */ = {
			isa = PBXVariantGroup;
			children = (
				D30ED5A61BC69A8100052BE6 /* Base */,
			);
			name = LaunchScreen.storyboard;
			sourceTree = "<group>";
		};
/* End PBXVariantGroup section */

/* Begin XCBuildConfiguration section */
		D30ED5A91BC69A8100052BE6 /* Debug */ = {
			isa = XCBuildConfiguration;
			buildSettings = {
				ALWAYS_SEARCH_USER_PATHS = NO;
				CLANG_CXX_LANGUAGE_STANDARD = "gnu++0x";
				CLANG_CXX_LIBRARY = "libc++";
				CLANG_ENABLE_MODULES = YES;
				CLANG_ENABLE_OBJC_ARC = YES;
				CLANG_WARN_BOOL_CONVERSION = YES;
				CLANG_WARN_CONSTANT_CONVERSION = YES;
				CLANG_WARN_DIRECT_OBJC_ISA_USAGE = YES_ERROR;
				CLANG_WARN_EMPTY_BODY = YES;
				CLANG_WARN_ENUM_CONVERSION = YES;
				CLANG_WARN_INT_CONVERSION = YES;
				CLANG_WARN_OBJC_ROOT_CLASS = YES_ERROR;
				CLANG_WARN_UNREACHABLE_CODE = YES;
				CLANG_WARN__DUPLICATE_METHOD_MATCH = YES;
				"CODE_SIGN_IDENTITY[sdk=iphoneos*]" = "iPhone Developer";
				COPY_PHASE_STRIP = NO;
				DEBUG_INFORMATION_FORMAT = dwarf;
				ENABLE_STRICT_OBJC_MSGSEND = YES;
				ENABLE_TESTABILITY = YES;
				GCC_C_LANGUAGE_STANDARD = gnu99;
				GCC_DYNAMIC_NO_PIC = NO;
				GCC_NO_COMMON_BLOCKS = YES;
				GCC_OPTIMIZATION_LEVEL = 0;
				GCC_PREPROCESSOR_DEFINITIONS = (
					"DEBUG=1",
					"$(inherited)",
				);
				GCC_WARN_64_TO_32_BIT_CONVERSION = YES;
				GCC_WARN_ABOUT_RETURN_TYPE = YES_ERROR;
				GCC_WARN_UNDECLARED_SELECTOR = YES;
				GCC_WARN_UNINITIALIZED_AUTOS = YES_AGGRESSIVE;
				GCC_WARN_UNUSED_FUNCTION = YES;
				GCC_WARN_UNUSED_VARIABLE = YES;
				IPHONEOS_DEPLOYMENT_TARGET = 9.0;
				MTL_ENABLE_DEBUG_INFO = YES;
				ONLY_ACTIVE_ARCH = YES;
				SDKROOT = iphoneos;
				SWIFT_OPTIMIZATION_LEVEL = "-Onone";
			};
			name = Debug;
		};
		D30ED5AA1BC69A8100052BE6 /* Release */ = {
			isa = XCBuildConfiguration;
			buildSettings = {
				ALWAYS_SEARCH_USER_PATHS = NO;
				CLANG_CXX_LANGUAGE_STANDARD = "gnu++0x";
				CLANG_CXX_LIBRARY = "libc++";
				CLANG_ENABLE_MODULES = YES;
				CLANG_ENABLE_OBJC_ARC = YES;
				CLANG_WARN_BOOL_CONVERSION = YES;
				CLANG_WARN_CONSTANT_CONVERSION = YES;
				CLANG_WARN_DIRECT_OBJC_ISA_USAGE = YES_ERROR;
				CLANG_WARN_EMPTY_BODY = YES;
				CLANG_WARN_ENUM_CONVERSION = YES;
				CLANG_WARN_INT_CONVERSION = YES;
				CLANG_WARN_OBJC_ROOT_CLASS = YES_ERROR;
				CLANG_WARN_UNREACHABLE_CODE = YES;
				CLANG_WARN__DUPLICATE_METHOD_MATCH = YES;
				"CODE_SIGN_IDENTITY[sdk=iphoneos*]" = "iPhone Developer";
				COPY_PHASE_STRIP = NO;
				DEBUG_INFORMATION_FORMAT = "dwarf-with-dsym";
				ENABLE_NS_ASSERTIONS = NO;
				ENABLE_STRICT_OBJC_MSGSEND = YES;
				GCC_C_LANGUAGE_STANDARD = gnu99;
				GCC_NO_COMMON_BLOCKS = YES;
				GCC_WARN_64_TO_32_BIT_CONVERSION = YES;
				GCC_WARN_ABOUT_RETURN_TYPE = YES_ERROR;
				GCC_WARN_UNDECLARED_SELECTOR = YES;
				GCC_WARN_UNINITIALIZED_AUTOS = YES_AGGRESSIVE;
				GCC_WARN_UNUSED_FUNCTION = YES;
				GCC_WARN_UNUSED_VARIABLE = YES;
				IPHONEOS_DEPLOYMENT_TARGET = 9.0;
				MTL_ENABLE_DEBUG_INFO = NO;
				SDKROOT = iphoneos;
				VALIDATE_PRODUCT = YES;
			};
			name = Release;
		};
		D30ED5AC1BC69A8100052BE6 /* Debug */ = {
			isa = XCBuildConfiguration;
			buildSettings = {
				ASSETCATALOG_COMPILER_APPICON_NAME = AppIcon;
				INFOPLIST_FILE = PrimeNumber/Info.plist;
				LD_RUNPATH_SEARCH_PATHS = "$(inherited) @executable_path/Frameworks";
				PRODUCT_BUNDLE_IDENTIFIER = com.jrs.PrimeNumber;
				PRODUCT_NAME = "$(TARGET_NAME)";
			};
			name = Debug;
		};
		D30ED5AD1BC69A8100052BE6 /* Release */ = {
			isa = XCBuildConfiguration;
			buildSettings = {
				ASSETCATALOG_COMPILER_APPICON_NAME = AppIcon;
				INFOPLIST_FILE = PrimeNumber/Info.plist;
				LD_RUNPATH_SEARCH_PATHS = "$(inherited) @executable_path/Frameworks";
				PRODUCT_BUNDLE_IDENTIFIER = com.jrs.PrimeNumber;
				PRODUCT_NAME = "$(TARGET_NAME)";
			};
			name = Release;
		};
/* End XCBuildConfiguration section */

/* Begin XCConfigurationList section */
		D30ED5911BC69A8100052BE6 /* Build configuration list for PBXProject "PrimeNumber" */ = {
			isa = XCConfigurationList;
			buildConfigurations = (
				D30ED5A91BC69A8100052BE6 /* Debug */,
				D30ED5AA1BC69A8100052BE6 /* Release */,
			);
			defaultConfigurationIsVisible = 0;
			defaultConfigurationName = Release;
		};
		D30ED5AB1BC69A8100052BE6 /* Build configuration list for PBXNativeTarget "PrimeNumber" */ = {
			isa = XCConfigurationList;
			buildConfigurations = (
				D30ED5AC1BC69A8100052BE6 /* Debug */,
				D30ED5AD1BC69A8100052BE6 /* Release */,
			);
			defaultConfigurationIsVisible = 0;
		};
/* End XCConfigurationList section */

/* Begin XCVersionGroup section */
		D30ED5A01BC69A8100052BE6 /* PrimeNumber.xcdatamodeld */ = {
			isa = XCVersionGroup;
			children = (
				D30ED5A11BC69A8100052BE6 /* PrimeNumber.xcdatamodel */,
			);
			currentVersion = D30ED5A11BC69A8100052BE6 /* PrimeNumber.xcdatamodel */;
			path = PrimeNumber.xcdatamodeld;
			sourceTree = "<group>";
			versionGroupType = wrapper.xcdatamodel;
		};
/* End XCVersionGroup section */
	};
	rootObject = D30ED58E1BC69A8100052BE6 /* Project object */;
}
