// !$*UTF8*$!
{
	archiveVersion = 1;
	classes = {
	};
	objectVersion = 46;
	objects = {

/* Begin PBXBuildFile section */
		D3EEA31C1BC455A300B110A6 /* main.m in Sources */ = {isa = PBXBuildFile; fileRef = D3EEA31B1BC455A300B110A6 /* main.m */; };
		D3EEA31F1BC455A300B110A6 /* AppDelegate.m in Sources */ = {isa = PBXBuildFile; fileRef = D3EEA31E1BC455A300B110A6 /* AppDelegate.m */; };
		D3EEA3221BC455A300B110A6 /* ViewController.m in Sources */ = {isa = PBXBuildFile; fileRef = D3EEA3211BC455A300B110A6 /* ViewController.m */; };
		D3EEA3251BC455A300B110A6 /* Main.storyboard in Resources */ = {isa = PBXBuildFile; fileRef = D3EEA3231BC455A300B110A6 /* Main.storyboard */; };
		D3EEA3271BC455A300B110A6 /* Assets.xcassets in Resources */ = {isa = PBXBuildFile; fileRef = D3EEA3261BC455A300B110A6 /* Assets.xcassets */; };
		D3EEA32A1BC455A300B110A6 /* LaunchScreen.storyboard in Resources */ = {isa = PBXBuildFile; fileRef = D3EEA3281BC455A300B110A6 /* LaunchScreen.storyboard */; };
		D3EEA3351BC455A300B110A6 /* Prime_Number_DetectorTests.m in Sources */ = {isa = PBXBuildFile; fileRef = D3EEA3341BC455A300B110A6 /* Prime_Number_DetectorTests.m */; };
		D3EEA3401BC455A300B110A6 /* Prime_Number_DetectorUITests.m in Sources */ = {isa = PBXBuildFile; fileRef = D3EEA33F1BC455A300B110A6 /* Prime_Number_DetectorUITests.m */; };
/* End PBXBuildFile section */

/* Begin PBXContainerItemProxy section */
		D3EEA3311BC455A300B110A6 /* PBXContainerItemProxy */ = {
			isa = PBXContainerItemProxy;
			containerPortal = D3EEA30F1BC455A300B110A6 /* Project object */;
			proxyType = 1;
			remoteGlobalIDString = D3EEA3161BC455A300B110A6;
			remoteInfo = "Prime Number Detector";
		};
		D3EEA33C1BC455A300B110A6 /* PBXContainerItemProxy */ = {
			isa = PBXContainerItemProxy;
			containerPortal = D3EEA30F1BC455A300B110A6 /* Project object */;
			proxyType = 1;
			remoteGlobalIDString = D3EEA3161BC455A300B110A6;
			remoteInfo = "Prime Number Detector";
		};
/* End PBXContainerItemProxy section */

/* Begin PBXFileReference section */
		D3EEA3171BC455A300B110A6 /* Prime Number Detector.app */ = {isa = PBXFileReference; explicitFileType = wrapper.application; includeInIndex = 0; path = "Prime Number Detector.app"; sourceTree = BUILT_PRODUCTS_DIR; };
		D3EEA31B1BC455A300B110A6 /* main.m */ = {isa = PBXFileReference; lastKnownFileType = sourcecode.c.objc; path = main.m; sourceTree = "<group>"; };
		D3EEA31D1BC455A300B110A6 /* AppDelegate.h */ = {isa = PBXFileReference; lastKnownFileType = sourcecode.c.h; path = AppDelegate.h; sourceTree = "<group>"; };
		D3EEA31E1BC455A300B110A6 /* AppDelegate.m */ = {isa = PBXFileReference; lastKnownFileType = sourcecode.c.objc; path = AppDelegate.m; sourceTree = "<group>"; };
		D3EEA3201BC455A300B110A6 /* ViewController.h */ = {isa = PBXFileReference; lastKnownFileType = sourcecode.c.h; path = ViewController.h; sourceTree = "<group>"; };
		D3EEA3211BC455A300B110A6 /* ViewController.m */ = {isa = PBXFileReference; lastKnownFileType = sourcecode.c.objc; path = ViewController.m; sourceTree = "<group>"; };
		D3EEA3241BC455A300B110A6 /* Base */ = {isa = PBXFileReference; lastKnownFileType = file.storyboard; name = Base; path = Base.lproj/Main.storyboard; sourceTree = "<group>"; };
		D3EEA3261BC455A300B110A6 /* Assets.xcassets */ = {isa = PBXFileReference; lastKnownFileType = folder.assetcatalog; path = Assets.xcassets; sourceTree = "<group>"; };
		D3EEA3291BC455A300B110A6 /* Base */ = {isa = PBXFileReference; lastKnownFileType = file.storyboard; name = Base; path = Base.lproj/LaunchScreen.storyboard; sourceTree = "<group>"; };
		D3EEA32B1BC455A300B110A6 /* Info.plist */ = {isa = PBXFileReference; lastKnownFileType = text.plist.xml; path = Info.plist; sourceTree = "<group>"; };
		D3EEA3301BC455A300B110A6 /* Prime Number DetectorTests.xctest */ = {isa = PBXFileReference; explicitFileType = wrapper.cfbundle; includeInIndex = 0; path = "Prime Number DetectorTests.xctest"; sourceTree = BUILT_PRODUCTS_DIR; };
		D3EEA3341BC455A300B110A6 /* Prime_Number_DetectorTests.m */ = {isa = PBXFileReference; lastKnownFileType = sourcecode.c.objc; path = Prime_Number_DetectorTests.m; sourceTree = "<group>"; };
		D3EEA3361BC455A300B110A6 /* Info.plist */ = {isa = PBXFileReference; lastKnownFileType = text.plist.xml; path = Info.plist; sourceTree = "<group>"; };
		D3EEA33B1BC455A300B110A6 /* Prime Number DetectorUITests.xctest */ = {isa = PBXFileReference; explicitFileType = wrapper.cfbundle; includeInIndex = 0; path = "Prime Number DetectorUITests.xctest"; sourceTree = BUILT_PRODUCTS_DIR; };
		D3EEA33F1BC455A300B110A6 /* Prime_Number_DetectorUITests.m */ = {isa = PBXFileReference; lastKnownFileType = sourcecode.c.objc; path = Prime_Number_DetectorUITests.m; sourceTree = "<group>"; };
		D3EEA3411BC455A300B110A6 /* Info.plist */ = {isa = PBXFileReference; lastKnownFileType = text.plist.xml; path = Info.plist; sourceTree = "<group>"; };
/* End PBXFileReference section */

/* Begin PBXFrameworksBuildPhase section */
		D3EEA3141BC455A300B110A6 /* Frameworks */ = {
			isa = PBXFrameworksBuildPhase;
			buildActionMask = 2147483647;
			files = (
			);
			runOnlyForDeploymentPostprocessing = 0;
		};
		D3EEA32D1BC455A300B110A6 /* Frameworks */ = {
			isa = PBXFrameworksBuildPhase;
			buildActionMask = 2147483647;
			files = (
			);
			runOnlyForDeploymentPostprocessing = 0;
		};
		D3EEA3381BC455A300B110A6 /* Frameworks */ = {
			isa = PBXFrameworksBuildPhase;
			buildActionMask = 2147483647;
			files = (
			);
			runOnlyForDeploymentPostprocessing = 0;
		};
/* End PBXFrameworksBuildPhase section */

/* Begin PBXGroup section */
		D3EEA30E1BC455A300B110A6 = {
			isa = PBXGroup;
			children = (
				D3EEA3191BC455A300B110A6 /* Prime Number Detector */,
				D3EEA3331BC455A300B110A6 /* Prime Number DetectorTests */,
				D3EEA33E1BC455A300B110A6 /* Prime Number DetectorUITests */,
				D3EEA3181BC455A300B110A6 /* Products */,
			);
			sourceTree = "<group>";
		};
		D3EEA3181BC455A300B110A6 /* Products */ = {
			isa = PBXGroup;
			children = (
				D3EEA3171BC455A300B110A6 /* Prime Number Detector.app */,
				D3EEA3301BC455A300B110A6 /* Prime Number DetectorTests.xctest */,
				D3EEA33B1BC455A300B110A6 /* Prime Number DetectorUITests.xctest */,
			);
			name = Products;
			sourceTree = "<group>";
		};
		D3EEA3191BC455A300B110A6 /* Prime Number Detector */ = {
			isa = PBXGroup;
			children = (
				D3EEA31D1BC455A300B110A6 /* AppDelegate.h */,
				D3EEA31E1BC455A300B110A6 /* AppDelegate.m */,
				D3EEA3201BC455A300B110A6 /* ViewController.h */,
				D3EEA3211BC455A300B110A6 /* ViewController.m */,
				D3EEA3231BC455A300B110A6 /* Main.storyboard */,
				D3EEA3261BC455A300B110A6 /* Assets.xcassets */,
				D3EEA3281BC455A300B110A6 /* LaunchScreen.storyboard */,
				D3EEA32B1BC455A300B110A6 /* Info.plist */,
				D3EEA31A1BC455A300B110A6 /* Supporting Files */,
			);
			path = "Prime Number Detector";
			sourceTree = "<group>";
		};
		D3EEA31A1BC455A300B110A6 /* Supporting Files */ = {
			isa = PBXGroup;
			children = (
				D3EEA31B1BC455A300B110A6 /* main.m */,
			);
			name = "Supporting Files";
			sourceTree = "<group>";
		};
		D3EEA3331BC455A300B110A6 /* Prime Number DetectorTests */ = {
			isa = PBXGroup;
			children = (
				D3EEA3341BC455A300B110A6 /* Prime_Number_DetectorTests.m */,
				D3EEA3361BC455A300B110A6 /* Info.plist */,
			);
			path = "Prime Number DetectorTests";
			sourceTree = "<group>";
		};
		D3EEA33E1BC455A300B110A6 /* Prime Number DetectorUITests */ = {
			isa = PBXGroup;
			children = (
				D3EEA33F1BC455A300B110A6 /* Prime_Number_DetectorUITests.m */,
				D3EEA3411BC455A300B110A6 /* Info.plist */,
			);
			path = "Prime Number DetectorUITests";
			sourceTree = "<group>";
		};
/* End PBXGroup section */

/* Begin PBXNativeTarget section */
		D3EEA3161BC455A300B110A6 /* Prime Number Detector */ = {
			isa = PBXNativeTarget;
			buildConfigurationList = D3EEA3441BC455A300B110A6 /* Build configuration list for PBXNativeTarget "Prime Number Detector" */;
			buildPhases = (
				D3EEA3131BC455A300B110A6 /* Sources */,
				D3EEA3141BC455A300B110A6 /* Frameworks */,
				D3EEA3151BC455A300B110A6 /* Resources */,
			);
			buildRules = (
			);
			dependencies = (
			);
			name = "Prime Number Detector";
			productName = "Prime Number Detector";
			productReference = D3EEA3171BC455A300B110A6 /* Prime Number Detector.app */;
			productType = "com.apple.product-type.application";
		};
		D3EEA32F1BC455A300B110A6 /* Prime Number DetectorTests */ = {
			isa = PBXNativeTarget;
			buildConfigurationList = D3EEA3471BC455A300B110A6 /* Build configuration list for PBXNativeTarget "Prime Number DetectorTests" */;
			buildPhases = (
				D3EEA32C1BC455A300B110A6 /* Sources */,
				D3EEA32D1BC455A300B110A6 /* Frameworks */,
				D3EEA32E1BC455A300B110A6 /* Resources */,
			);
			buildRules = (
			);
			dependencies = (
				D3EEA3321BC455A300B110A6 /* PBXTargetDependency */,
			);
			name = "Prime Number DetectorTests";
			productName = "Prime Number DetectorTests";
			productReference = D3EEA3301BC455A300B110A6 /* Prime Number DetectorTests.xctest */;
			productType = "com.apple.product-type.bundle.unit-test";
		};
		D3EEA33A1BC455A300B110A6 /* Prime Number DetectorUITests */ = {
			isa = PBXNativeTarget;
			buildConfigurationList = D3EEA34A1BC455A300B110A6 /* Build configuration list for PBXNativeTarget "Prime Number DetectorUITests" */;
			buildPhases = (
				D3EEA3371BC455A300B110A6 /* Sources */,
				D3EEA3381BC455A300B110A6 /* Frameworks */,
				D3EEA3391BC455A300B110A6 /* Resources */,
			);
			buildRules = (
			);
			dependencies = (
				D3EEA33D1BC455A300B110A6 /* PBXTargetDependency */,
			);
			name = "Prime Number DetectorUITests";
			productName = "Prime Number DetectorUITests";
			productReference = D3EEA33B1BC455A300B110A6 /* Prime Number DetectorUITests.xctest */;
			productType = "com.apple.product-type.bundle.ui-testing";
		};
/* End PBXNativeTarget section */

/* Begin PBXProject section */
		D3EEA30F1BC455A300B110A6 /* Project object */ = {
			isa = PBXProject;
			attributes = {
				LastUpgradeCheck = 0700;
				ORGANIZATIONNAME = "John Spurgin";
				TargetAttributes = {
					D3EEA3161BC455A300B110A6 = {
						CreatedOnToolsVersion = 7.0.1;
					};
					D3EEA32F1BC455A300B110A6 = {
						CreatedOnToolsVersion = 7.0.1;
						TestTargetID = D3EEA3161BC455A300B110A6;
					};
					D3EEA33A1BC455A300B110A6 = {
						CreatedOnToolsVersion = 7.0.1;
						TestTargetID = D3EEA3161BC455A300B110A6;
					};
				};
			};
			buildConfigurationList = D3EEA3121BC455A300B110A6 /* Build configuration list for PBXProject "Prime Number Detector" */;
			compatibilityVersion = "Xcode 3.2";
			developmentRegion = English;
			hasScannedForEncodings = 0;
			knownRegions = (
				en,
				Base,
			);
			mainGroup = D3EEA30E1BC455A300B110A6;
			productRefGroup = D3EEA3181BC455A300B110A6 /* Products */;
			projectDirPath = "";
			projectRoot = "";
			targets = (
				D3EEA3161BC455A300B110A6 /* Prime Number Detector */,
				D3EEA32F1BC455A300B110A6 /* Prime Number DetectorTests */,
				D3EEA33A1BC455A300B110A6 /* Prime Number DetectorUITests */,
			);
		};
/* End PBXProject section */

/* Begin PBXResourcesBuildPhase section */
		D3EEA3151BC455A300B110A6 /* Resources */ = {
			isa = PBXResourcesBuildPhase;
			buildActionMask = 2147483647;
			files = (
				D3EEA32A1BC455A300B110A6 /* LaunchScreen.storyboard in Resources */,
				D3EEA3271BC455A300B110A6 /* Assets.xcassets in Resources */,
				D3EEA3251BC455A300B110A6 /* Main.storyboard in Resources */,
			);
			runOnlyForDeploymentPostprocessing = 0;
		};
		D3EEA32E1BC455A300B110A6 /* Resources */ = {
			isa = PBXResourcesBuildPhase;
			buildActionMask = 2147483647;
			files = (
			);
			runOnlyForDeploymentPostprocessing = 0;
		};
		D3EEA3391BC455A300B110A6 /* Resources */ = {
			isa = PBXResourcesBuildPhase;
			buildActionMask = 2147483647;
			files = (
			);
			runOnlyForDeploymentPostprocessing = 0;
		};
/* End PBXResourcesBuildPhase section */

/* Begin PBXSourcesBuildPhase section */
		D3EEA3131BC455A300B110A6 /* Sources */ = {
			isa = PBXSourcesBuildPhase;
			buildActionMask = 2147483647;
			files = (
				D3EEA3221BC455A300B110A6 /* ViewController.m in Sources */,
				D3EEA31F1BC455A300B110A6 /* AppDelegate.m in Sources */,
				D3EEA31C1BC455A300B110A6 /* main.m in Sources */,
			);
			runOnlyForDeploymentPostprocessing = 0;
		};
		D3EEA32C1BC455A300B110A6 /* Sources */ = {
			isa = PBXSourcesBuildPhase;
			buildActionMask = 2147483647;
			files = (
				D3EEA3351BC455A300B110A6 /* Prime_Number_DetectorTests.m in Sources */,
			);
			runOnlyForDeploymentPostprocessing = 0;
		};
		D3EEA3371BC455A300B110A6 /* Sources */ = {
			isa = PBXSourcesBuildPhase;
			buildActionMask = 2147483647;
			files = (
				D3EEA3401BC455A300B110A6 /* Prime_Number_DetectorUITests.m in Sources */,
			);
			runOnlyForDeploymentPostprocessing = 0;
		};
/* End PBXSourcesBuildPhase section */

/* Begin PBXTargetDependency section */
		D3EEA3321BC455A300B110A6 /* PBXTargetDependency */ = {
			isa = PBXTargetDependency;
			target = D3EEA3161BC455A300B110A6 /* Prime Number Detector */;
			targetProxy = D3EEA3311BC455A300B110A6 /* PBXContainerItemProxy */;
		};
		D3EEA33D1BC455A300B110A6 /* PBXTargetDependency */ = {
			isa = PBXTargetDependency;
			target = D3EEA3161BC455A300B110A6 /* Prime Number Detector */;
			targetProxy = D3EEA33C1BC455A300B110A6 /* PBXContainerItemProxy */;
		};
/* End PBXTargetDependency section */

/* Begin PBXVariantGroup section */
		D3EEA3231BC455A300B110A6 /* Main.storyboard */ = {
			isa = PBXVariantGroup;
			children = (
				D3EEA3241BC455A300B110A6 /* Base */,
			);
			name = Main.storyboard;
			sourceTree = "<group>";
		};
		D3EEA3281BC455A300B110A6 /* LaunchScreen.storyboard */ = {
			isa = PBXVariantGroup;
			children = (
				D3EEA3291BC455A300B110A6 /* Base */,
			);
			name = LaunchScreen.storyboard;
			sourceTree = "<group>";
		};
/* End PBXVariantGroup section */

/* Begin XCBuildConfiguration section */
		D3EEA3421BC455A300B110A6 /* Debug */ = {
			isa = XCBuildConfiguration;
			buildSettings = {
				ALWAYS_SEARCH_USER_PATHS = NO;
				CLANG_CXX_LANGUAGE_STANDARD = "gnu++0x";
				CLANG_CXX_LIBRARY = "libc++";
				CLANG_ENABLE_MODULES = YES;
				CLANG_ENABLE_OBJC_ARC = YES;
				CLANG_WARN_BOOL_CONVERSION = YES;
				CLANG_WARN_CONSTANT_CONVERSION = YES;
				CLANG_WARN_DIRECT_OBJC_ISA_USAGE = YES_ERROR;
				CLANG_WARN_EMPTY_BODY = YES;
				CLANG_WARN_ENUM_CONVERSION = YES;
				CLANG_WARN_INT_CONVERSION = YES;
				CLANG_WARN_OBJC_ROOT_CLASS = YES_ERROR;
				CLANG_WARN_UNREACHABLE_CODE = YES;
				CLANG_WARN__DUPLICATE_METHOD_MATCH = YES;
				"CODE_SIGN_IDENTITY[sdk=iphoneos*]" = "iPhone Developer";
				COPY_PHASE_STRIP = NO;
				DEBUG_INFORMATION_FORMAT = dwarf;
				ENABLE_STRICT_OBJC_MSGSEND = YES;
				ENABLE_TESTABILITY = YES;
				GCC_C_LANGUAGE_STANDARD = gnu99;
				GCC_DYNAMIC_NO_PIC = NO;
				GCC_NO_COMMON_BLOCKS = YES;
				GCC_OPTIMIZATION_LEVEL = 0;
				GCC_PREPROCESSOR_DEFINITIONS = (
					"DEBUG=1",
					"$(inherited)",
				);
				GCC_WARN_64_TO_32_BIT_CONVERSION = YES;
				GCC_WARN_ABOUT_RETURN_TYPE = YES_ERROR;
				GCC_WARN_UNDECLARED_SELECTOR = YES;
				GCC_WARN_UNINITIALIZED_AUTOS = YES_AGGRESSIVE;
				GCC_WARN_UNUSED_FUNCTION = YES;
				GCC_WARN_UNUSED_VARIABLE = YES;
				IPHONEOS_DEPLOYMENT_TARGET = 9.0;
				MTL_ENABLE_DEBUG_INFO = YES;
				ONLY_ACTIVE_ARCH = YES;
				SDKROOT = iphoneos;
				TARGETED_DEVICE_FAMILY = "1,2";
			};
			name = Debug;
		};
		D3EEA3431BC455A300B110A6 /* Release */ = {
			isa = XCBuildConfiguration;
			buildSettings = {
				ALWAYS_SEARCH_USER_PATHS = NO;
				CLANG_CXX_LANGUAGE_STANDARD = "gnu++0x";
				CLANG_CXX_LIBRARY = "libc++";
				CLANG_ENABLE_MODULES = YES;
				CLANG_ENABLE_OBJC_ARC = YES;
				CLANG_WARN_BOOL_CONVERSION = YES;
				CLANG_WARN_CONSTANT_CONVERSION = YES;
				CLANG_WARN_DIRECT_OBJC_ISA_USAGE = YES_ERROR;
				CLANG_WARN_EMPTY_BODY = YES;
				CLANG_WARN_ENUM_CONVERSION = YES;
				CLANG_WARN_INT_CONVERSION = YES;
				CLANG_WARN_OBJC_ROOT_CLASS = YES_ERROR;
				CLANG_WARN_UNREACHABLE_CODE = YES;
				CLANG_WARN__DUPLICATE_METHOD_MATCH = YES;
				"CODE_SIGN_IDENTITY[sdk=iphoneos*]" = "iPhone Developer";
				COPY_PHASE_STRIP = NO;
				DEBUG_INFORMATION_FORMAT = "dwarf-with-dsym";
				ENABLE_NS_ASSERTIONS = NO;
				ENABLE_STRICT_OBJC_MSGSEND = YES;
				GCC_C_LANGUAGE_STANDARD = gnu99;
				GCC_NO_COMMON_BLOCKS = YES;
				GCC_WARN_64_TO_32_BIT_CONVERSION = YES;
				GCC_WARN_ABOUT_RETURN_TYPE = YES_ERROR;
				GCC_WARN_UNDECLARED_SELECTOR = YES;
				GCC_WARN_UNINITIALIZED_AUTOS = YES_AGGRESSIVE;
				GCC_WARN_UNUSED_FUNCTION = YES;
				GCC_WARN_UNUSED_VARIABLE = YES;
				IPHONEOS_DEPLOYMENT_TARGET = 9.0;
				MTL_ENABLE_DEBUG_INFO = NO;
				SDKROOT = iphoneos;
				TARGETED_DEVICE_FAMILY = "1,2";
				VALIDATE_PRODUCT = YES;
			};
			name = Release;
		};
		D3EEA3451BC455A300B110A6 /* Debug */ = {
			isa = XCBuildConfiguration;
			buildSettings = {
				ASSETCATALOG_COMPILER_APPICON_NAME = AppIcon;
				INFOPLIST_FILE = "Prime Number Detector/Info.plist";
				LD_RUNPATH_SEARCH_PATHS = "$(inherited) @executable_path/Frameworks";
				PRODUCT_BUNDLE_IDENTIFIER = "com.jrs.Prime-Number-Detector";
				PRODUCT_NAME = "$(TARGET_NAME)";
			};
			name = Debug;
		};
		D3EEA3461BC455A300B110A6 /* Release */ = {
			isa = XCBuildConfiguration;
			buildSettings = {
				ASSETCATALOG_COMPILER_APPICON_NAME = AppIcon;
				INFOPLIST_FILE = "Prime Number Detector/Info.plist";
				LD_RUNPATH_SEARCH_PATHS = "$(inherited) @executable_path/Frameworks";
				PRODUCT_BUNDLE_IDENTIFIER = "com.jrs.Prime-Number-Detector";
				PRODUCT_NAME = "$(TARGET_NAME)";
			};
			name = Release;
		};
		D3EEA3481BC455A300B110A6 /* Debug */ = {
			isa = XCBuildConfiguration;
			buildSettings = {
				BUNDLE_LOADER = "$(TEST_HOST)";
				INFOPLIST_FILE = "Prime Number DetectorTests/Info.plist";
				LD_RUNPATH_SEARCH_PATHS = "$(inherited) @executable_path/Frameworks @loader_path/Frameworks";
				PRODUCT_BUNDLE_IDENTIFIER = "com.jrs.Prime-Number-DetectorTests";
				PRODUCT_NAME = "$(TARGET_NAME)";
				TEST_HOST = "$(BUILT_PRODUCTS_DIR)/Prime Number Detector.app/Prime Number Detector";
			};
			name = Debug;
		};
		D3EEA3491BC455A300B110A6 /* Release */ = {
			isa = XCBuildConfiguration;
			buildSettings = {
				BUNDLE_LOADER = "$(TEST_HOST)";
				INFOPLIST_FILE = "Prime Number DetectorTests/Info.plist";
				LD_RUNPATH_SEARCH_PATHS = "$(inherited) @executable_path/Frameworks @loader_path/Frameworks";
				PRODUCT_BUNDLE_IDENTIFIER = "com.jrs.Prime-Number-DetectorTests";
				PRODUCT_NAME = "$(TARGET_NAME)";
				TEST_HOST = "$(BUILT_PRODUCTS_DIR)/Prime Number Detector.app/Prime Number Detector";
			};
			name = Release;
		};
		D3EEA34B1BC455A300B110A6 /* Debug */ = {
			isa = XCBuildConfiguration;
			buildSettings = {
				INFOPLIST_FILE = "Prime Number DetectorUITests/Info.plist";
				LD_RUNPATH_SEARCH_PATHS = "$(inherited) @executable_path/Frameworks @loader_path/Frameworks";
				PRODUCT_BUNDLE_IDENTIFIER = "com.jrs.Prime-Number-DetectorUITests";
				PRODUCT_NAME = "$(TARGET_NAME)";
				TEST_TARGET_NAME = "Prime Number Detector";
				USES_XCTRUNNER = YES;
			};
			name = Debug;
		};
		D3EEA34C1BC455A300B110A6 /* Release */ = {
			isa = XCBuildConfiguration;
			buildSettings = {
				INFOPLIST_FILE = "Prime Number DetectorUITests/Info.plist";
				LD_RUNPATH_SEARCH_PATHS = "$(inherited) @executable_path/Frameworks @loader_path/Frameworks";
				PRODUCT_BUNDLE_IDENTIFIER = "com.jrs.Prime-Number-DetectorUITests";
				PRODUCT_NAME = "$(TARGET_NAME)";
				TEST_TARGET_NAME = "Prime Number Detector";
				USES_XCTRUNNER = YES;
			};
			name = Release;
		};
/* End XCBuildConfiguration section */

/* Begin XCConfigurationList section */
		D3EEA3121BC455A300B110A6 /* Build configuration list for PBXProject "Prime Number Detector" */ = {
			isa = XCConfigurationList;
			buildConfigurations = (
				D3EEA3421BC455A300B110A6 /* Debug */,
				D3EEA3431BC455A300B110A6 /* Release */,
			);
			defaultConfigurationIsVisible = 0;
			defaultConfigurationName = Release;
		};
		D3EEA3441BC455A300B110A6 /* Build configuration list for PBXNativeTarget "Prime Number Detector" */ = {
			isa = XCConfigurationList;
			buildConfigurations = (
				D3EEA3451BC455A300B110A6 /* Debug */,
				D3EEA3461BC455A300B110A6 /* Release */,
			);
			defaultConfigurationIsVisible = 0;
		};
		D3EEA3471BC455A300B110A6 /* Build configuration list for PBXNativeTarget "Prime Number DetectorTests" */ = {
			isa = XCConfigurationList;
			buildConfigurations = (
				D3EEA3481BC455A300B110A6 /* Debug */,
				D3EEA3491BC455A300B110A6 /* Release */,
			);
			defaultConfigurationIsVisible = 0;
		};
		D3EEA34A1BC455A300B110A6 /* Build configuration list for PBXNativeTarget "Prime Number DetectorUITests" */ = {
			isa = XCConfigurationList;
			buildConfigurations = (
				D3EEA34B1BC455A300B110A6 /* Debug */,
				D3EEA34C1BC455A300B110A6 /* Release */,
			);
			defaultConfigurationIsVisible = 0;
		};
/* End XCConfigurationList section */
	};
	rootObject = D3EEA30F1BC455A300B110A6 /* Project object */;
}
