// !$*UTF8*$!
{
	archiveVersion = 1;
	classes = {
	};
	objectVersion = 46;
	objects = {

/* Begin PBXBuildFile section */
		D3F9510C1BC1560A00013973 /* AppDelegate.swift in Sources */ = {isa = PBXBuildFile; fileRef = D3F9510B1BC1560A00013973 /* AppDelegate.swift */; };
		D3F9510E1BC1560A00013973 /* ViewController.swift in Sources */ = {isa = PBXBuildFile; fileRef = D3F9510D1BC1560A00013973 /* ViewController.swift */; };
		D3F951111BC1560A00013973 /* Main.storyboard in Resources */ = {isa = PBXBuildFile; fileRef = D3F9510F1BC1560A00013973 /* Main.storyboard */; };
		D3F951131BC1560A00013973 /* Assets.xcassets in Resources */ = {isa = PBXBuildFile; fileRef = D3F951121BC1560A00013973 /* Assets.xcassets */; };
		D3F951161BC1560A00013973 /* LaunchScreen.storyboard in Resources */ = {isa = PBXBuildFile; fileRef = D3F951141BC1560A00013973 /* LaunchScreen.storyboard */; };
		D3F9511F1BC1585600013973 /* bad.jpg in Resources */ = {isa = PBXBuildFile; fileRef = D3F9511D1BC1585600013973 /* bad.jpg */; settings = {ASSET_TAGS = (); }; };
		D3F951201BC1585600013973 /* good.jpg in Resources */ = {isa = PBXBuildFile; fileRef = D3F9511E1BC1585600013973 /* good.jpg */; settings = {ASSET_TAGS = (); }; };
		D3F951221BC1590F00013973 /* question-mark-nothing.jpg in Resources */ = {isa = PBXBuildFile; fileRef = D3F951211BC1590F00013973 /* question-mark-nothing.jpg */; settings = {ASSET_TAGS = (); }; };
/* End PBXBuildFile section */

/* Begin PBXFileReference section */
		D3F951081BC1560A00013973 /* Guessing Game.app */ = {isa = PBXFileReference; explicitFileType = wrapper.application; includeInIndex = 0; path = "Guessing Game.app"; sourceTree = BUILT_PRODUCTS_DIR; };
		D3F9510B1BC1560A00013973 /* AppDelegate.swift */ = {isa = PBXFileReference; lastKnownFileType = sourcecode.swift; path = AppDelegate.swift; sourceTree = "<group>"; };
		D3F9510D1BC1560A00013973 /* ViewController.swift */ = {isa = PBXFileReference; lastKnownFileType = sourcecode.swift; path = ViewController.swift; sourceTree = "<group>"; };
		D3F951101BC1560A00013973 /* Base */ = {isa = PBXFileReference; lastKnownFileType = file.storyboard; name = Base; path = Base.lproj/Main.storyboard; sourceTree = "<group>"; };
		D3F951121BC1560A00013973 /* Assets.xcassets */ = {isa = PBXFileReference; lastKnownFileType = folder.assetcatalog; path = Assets.xcassets; sourceTree = "<group>"; };
		D3F951151BC1560A00013973 /* Base */ = {isa = PBXFileReference; lastKnownFileType = file.storyboard; name = Base; path = Base.lproj/LaunchScreen.storyboard; sourceTree = "<group>"; };
		D3F951171BC1560A00013973 /* Info.plist */ = {isa = PBXFileReference; lastKnownFileType = text.plist.xml; path = Info.plist; sourceTree = "<group>"; };
		D3F9511D1BC1585600013973 /* bad.jpg */ = {isa = PBXFileReference; lastKnownFileType = image.jpeg; path = bad.jpg; sourceTree = "<group>"; };
		D3F9511E1BC1585600013973 /* good.jpg */ = {isa = PBXFileReference; lastKnownFileType = image.jpeg; path = good.jpg; sourceTree = "<group>"; };
		D3F951211BC1590F00013973 /* question-mark-nothing.jpg */ = {isa = PBXFileReference; lastKnownFileType = image.jpeg; path = "question-mark-nothing.jpg"; sourceTree = "<group>"; };
/* End PBXFileReference section */

/* Begin PBXFrameworksBuildPhase section */
		D3F951051BC1560A00013973 /* Frameworks */ = {
			isa = PBXFrameworksBuildPhase;
			buildActionMask = 2147483647;
			files = (
			);
			runOnlyForDeploymentPostprocessing = 0;
		};
/* End PBXFrameworksBuildPhase section */

/* Begin PBXGroup section */
		D3F950FF1BC1560A00013973 = {
			isa = PBXGroup;
			children = (
				D3F9510A1BC1560A00013973 /* Guessing Game */,
				D3F951091BC1560A00013973 /* Products */,
			);
			sourceTree = "<group>";
		};
		D3F951091BC1560A00013973 /* Products */ = {
			isa = PBXGroup;
			children = (
				D3F951081BC1560A00013973 /* Guessing Game.app */,
			);
			name = Products;
			sourceTree = "<group>";
		};
		D3F9510A1BC1560A00013973 /* Guessing Game */ = {
			isa = PBXGroup;
			children = (
				D3F951211BC1590F00013973 /* question-mark-nothing.jpg */,
				D3F9511D1BC1585600013973 /* bad.jpg */,
				D3F9511E1BC1585600013973 /* good.jpg */,
				D3F9510B1BC1560A00013973 /* AppDelegate.swift */,
				D3F9510D1BC1560A00013973 /* ViewController.swift */,
				D3F9510F1BC1560A00013973 /* Main.storyboard */,
				D3F951121BC1560A00013973 /* Assets.xcassets */,
				D3F951141BC1560A00013973 /* LaunchScreen.storyboard */,
				D3F951171BC1560A00013973 /* Info.plist */,
			);
			path = "Guessing Game";
			sourceTree = "<group>";
		};
/* End PBXGroup section */

/* Begin PBXNativeTarget section */
		D3F951071BC1560A00013973 /* Guessing Game */ = {
			isa = PBXNativeTarget;
			buildConfigurationList = D3F9511A1BC1560A00013973 /* Build configuration list for PBXNativeTarget "Guessing Game" */;
			buildPhases = (
				D3F951041BC1560A00013973 /* Sources */,
				D3F951051BC1560A00013973 /* Frameworks */,
				D3F951061BC1560A00013973 /* Resources */,
			);
			buildRules = (
			);
			dependencies = (
			);
			name = "Guessing Game";
			productName = "Guessing Game";
			productReference = D3F951081BC1560A00013973 /* Guessing Game.app */;
			productType = "com.apple.product-type.application";
		};
/* End PBXNativeTarget section */

/* Begin PBXProject section */
		D3F951001BC1560A00013973 /* Project object */ = {
			isa = PBXProject;
			attributes = {
				LastUpgradeCheck = 0700;
				ORGANIZATIONNAME = JRS;
				TargetAttributes = {
					D3F951071BC1560A00013973 = {
						CreatedOnToolsVersion = 7.0.1;
					};
				};
			};
			buildConfigurationList = D3F951031BC1560A00013973 /* Build configuration list for PBXProject "Guessing Game" */;
			compatibilityVersion = "Xcode 3.2";
			developmentRegion = English;
			hasScannedForEncodings = 0;
			knownRegions = (
				en,
				Base,
			);
			mainGroup = D3F950FF1BC1560A00013973;
			productRefGroup = D3F951091BC1560A00013973 /* Products */;
			projectDirPath = "";
			projectRoot = "";
			targets = (
				D3F951071BC1560A00013973 /* Guessing Game */,
			);
		};
/* End PBXProject section */

/* Begin PBXResourcesBuildPhase section */
		D3F951061BC1560A00013973 /* Resources */ = {
			isa = PBXResourcesBuildPhase;
			buildActionMask = 2147483647;
			files = (
				D3F951221BC1590F00013973 /* question-mark-nothing.jpg in Resources */,
				D3F951161BC1560A00013973 /* LaunchScreen.storyboard in Resources */,
				D3F951201BC1585600013973 /* good.jpg in Resources */,
				D3F9511F1BC1585600013973 /* bad.jpg in Resources */,
				D3F951131BC1560A00013973 /* Assets.xcassets in Resources */,
				D3F951111BC1560A00013973 /* Main.storyboard in Resources */,
			);
			runOnlyForDeploymentPostprocessing = 0;
		};
/* End PBXResourcesBuildPhase section */

/* Begin PBXSourcesBuildPhase section */
		D3F951041BC1560A00013973 /* Sources */ = {
			isa = PBXSourcesBuildPhase;
			buildActionMask = 2147483647;
			files = (
				D3F9510E1BC1560A00013973 /* ViewController.swift in Sources */,
				D3F9510C1BC1560A00013973 /* AppDelegate.swift in Sources */,
			);
			runOnlyForDeploymentPostprocessing = 0;
		};
/* End PBXSourcesBuildPhase section */

/* Begin PBXVariantGroup section */
		D3F9510F1BC1560A00013973 /* Main.storyboard */ = {
			isa = PBXVariantGroup;
			children = (
				D3F951101BC1560A00013973 /* Base */,
			);
			name = Main.storyboard;
			sourceTree = "<group>";
		};
		D3F951141BC1560A00013973 /* LaunchScreen.storyboard */ = {
			isa = PBXVariantGroup;
			children = (
				D3F951151BC1560A00013973 /* Base */,
			);
			name = LaunchScreen.storyboard;
			sourceTree = "<group>";
		};
/* End PBXVariantGroup section */

/* Begin XCBuildConfiguration section */
		D3F951181BC1560A00013973 /* Debug */ = {
			isa = XCBuildConfiguration;
			buildSettings = {
				ALWAYS_SEARCH_USER_PATHS = NO;
				CLANG_CXX_LANGUAGE_STANDARD = "gnu++0x";
				CLANG_CXX_LIBRARY = "libc++";
				CLANG_ENABLE_MODULES = YES;
				CLANG_ENABLE_OBJC_ARC = YES;
				CLANG_WARN_BOOL_CONVERSION = YES;
				CLANG_WARN_CONSTANT_CONVERSION = YES;
				CLANG_WARN_DIRECT_OBJC_ISA_USAGE = YES_ERROR;
				CLANG_WARN_EMPTY_BODY = YES;
				CLANG_WARN_ENUM_CONVERSION = YES;
				CLANG_WARN_INT_CONVERSION = YES;
				CLANG_WARN_OBJC_ROOT_CLASS = YES_ERROR;
				CLANG_WARN_UNREACHABLE_CODE = YES;
				CLANG_WARN__DUPLICATE_METHOD_MATCH = YES;
				"CODE_SIGN_IDENTITY[sdk=iphoneos*]" = "iPhone Developer";
				COPY_PHASE_STRIP = NO;
				DEBUG_INFORMATION_FORMAT = dwarf;
				ENABLE_STRICT_OBJC_MSGSEND = YES;
				ENABLE_TESTABILITY = YES;
				GCC_C_LANGUAGE_STANDARD = gnu99;
				GCC_DYNAMIC_NO_PIC = NO;
				GCC_NO_COMMON_BLOCKS = YES;
				GCC_OPTIMIZATION_LEVEL = 0;
				GCC_PREPROCESSOR_DEFINITIONS = (
					"DEBUG=1",
					"$(inherited)",
				);
				GCC_WARN_64_TO_32_BIT_CONVERSION = YES;
				GCC_WARN_ABOUT_RETURN_TYPE = YES_ERROR;
				GCC_WARN_UNDECLARED_SELECTOR = YES;
				GCC_WARN_UNINITIALIZED_AUTOS = YES_AGGRESSIVE;
				GCC_WARN_UNUSED_FUNCTION = YES;
				GCC_WARN_UNUSED_VARIABLE = YES;
				IPHONEOS_DEPLOYMENT_TARGET = 9.0;
				MTL_ENABLE_DEBUG_INFO = YES;
				ONLY_ACTIVE_ARCH = YES;
				SDKROOT = iphoneos;
				SWIFT_OPTIMIZATION_LEVEL = "-Onone";
			};
			name = Debug;
		};
		D3F951191BC1560A00013973 /* Release */ = {
			isa = XCBuildConfiguration;
			buildSettings = {
				ALWAYS_SEARCH_USER_PATHS = NO;
				CLANG_CXX_LANGUAGE_STANDARD = "gnu++0x";
				CLANG_CXX_LIBRARY = "libc++";
				CLANG_ENABLE_MODULES = YES;
				CLANG_ENABLE_OBJC_ARC = YES;
				CLANG_WARN_BOOL_CONVERSION = YES;
				CLANG_WARN_CONSTANT_CONVERSION = YES;
				CLANG_WARN_DIRECT_OBJC_ISA_USAGE = YES_ERROR;
				CLANG_WARN_EMPTY_BODY = YES;
				CLANG_WARN_ENUM_CONVERSION = YES;
				CLANG_WARN_INT_CONVERSION = YES;
				CLANG_WARN_OBJC_ROOT_CLASS = YES_ERROR;
				CLANG_WARN_UNREACHABLE_CODE = YES;
				CLANG_WARN__DUPLICATE_METHOD_MATCH = YES;
				"CODE_SIGN_IDENTITY[sdk=iphoneos*]" = "iPhone Developer";
				COPY_PHASE_STRIP = NO;
				DEBUG_INFORMATION_FORMAT = "dwarf-with-dsym";
				ENABLE_NS_ASSERTIONS = NO;
				ENABLE_STRICT_OBJC_MSGSEND = YES;
				GCC_C_LANGUAGE_STANDARD = gnu99;
				GCC_NO_COMMON_BLOCKS = YES;
				GCC_WARN_64_TO_32_BIT_CONVERSION = YES;
				GCC_WARN_ABOUT_RETURN_TYPE = YES_ERROR;
				GCC_WARN_UNDECLARED_SELECTOR = YES;
				GCC_WARN_UNINITIALIZED_AUTOS = YES_AGGRESSIVE;
				GCC_WARN_UNUSED_FUNCTION = YES;
				GCC_WARN_UNUSED_VARIABLE = YES;
				IPHONEOS_DEPLOYMENT_TARGET = 9.0;
				MTL_ENABLE_DEBUG_INFO = NO;
				SDKROOT = iphoneos;
				VALIDATE_PRODUCT = YES;
			};
			name = Release;
		};
		D3F9511B1BC1560A00013973 /* Debug */ = {
			isa = XCBuildConfiguration;
			buildSettings = {
				ASSETCATALOG_COMPILER_APPICON_NAME = AppIcon;
				INFOPLIST_FILE = "Guessing Game/Info.plist";
				LD_RUNPATH_SEARCH_PATHS = "$(inherited) @executable_path/Frameworks";
				PRODUCT_BUNDLE_IDENTIFIER = "guessingGame.com.jrs.Guessing-Game";
				PRODUCT_NAME = "$(TARGET_NAME)";
			};
			name = Debug;
		};
		D3F9511C1BC1560A00013973 /* Release */ = {
			isa = XCBuildConfiguration;
			buildSettings = {
				ASSETCATALOG_COMPILER_APPICON_NAME = AppIcon;
				INFOPLIST_FILE = "Guessing Game/Info.plist";
				LD_RUNPATH_SEARCH_PATHS = "$(inherited) @executable_path/Frameworks";
				PRODUCT_BUNDLE_IDENTIFIER = "guessingGame.com.jrs.Guessing-Game";
				PRODUCT_NAME = "$(TARGET_NAME)";
			};
			name = Release;
		};
/* End XCBuildConfiguration section */

/* Begin XCConfigurationList section */
		D3F951031BC1560A00013973 /* Build configuration list for PBXProject "Guessing Game" */ = {
			isa = XCConfigurationList;
			buildConfigurations = (
				D3F951181BC1560A00013973 /* Debug */,
				D3F951191BC1560A00013973 /* Release */,
			);
			defaultConfigurationIsVisible = 0;
			defaultConfigurationName = Release;
		};
		D3F9511A1BC1560A00013973 /* Build configuration list for PBXNativeTarget "Guessing Game" */ = {
			isa = XCConfigurationList;
			buildConfigurations = (
				D3F9511B1BC1560A00013973 /* Debug */,
				D3F9511C1BC1560A00013973 /* Release */,
			);
			defaultConfigurationIsVisible = 0;
		};
/* End XCConfigurationList section */
	};
	rootObject = D3F951001BC1560A00013973 /* Project object */;
}
